
Microsoft Visual Studio Solution File, Format Version 12.00
# Visual Studio 15
VisualStudioVersion = 15.0.26430.6
MinimumVisualStudioVersion = 10.0.40219.1
Project("{FAE04EC0-301F-11D3-BF4B-00C04F79EFBC}") = "ConsoleApp2", "ConsoleApp2\ConsoleApp2.csproj", "{5E01835F-2B88-440B-9859-18BEBAA1D6E8}"
EndProject
Project("{FAE04EC0-301F-11D3-BF4B-00C04F79EFBC}") = "DNAComparer", "DNAComparer\DNAComparer.csproj", "{9E2D322E-7DA4-4BD8-8076-07930D82CB28}"
EndProject
Project("{FAE04EC0-301F-11D3-BF4B-00C04F79EFBC}") = "NN_V2.Console", "NN_V2.Console\NN_V2.Console.csproj", "{99D72783-1725-4393-888A-85BC6E68C501}"
EndProject
Project("{2150E333-8FDC-42A3-9474-1A3956D46DE8}") = "Sonstiges", "Sonstiges", "{61803F22-6ED6-479F-8E7C-2ECF3D2643EB}"
EndProject
Project("{2150E333-8FDC-42A3-9474-1A3956D46DE8}") = "NN_V2", "NN_V2", "{515D46D9-D382-4342-B3FD-A67C42164ABD}"
EndProject
Project("{FAE04EC0-301F-11D3-BF4B-00C04F79EFBC}") = "NN_V2", "NN_V2\NN_V2.csproj", "{8B585684-98DD-4081-8D3A-520B9E314686}"
EndProject
Global
	GlobalSection(SolutionConfigurationPlatforms) = preSolution
		Debug|Any CPU = Debug|Any CPU
		Release|Any CPU = Release|Any CPU
	EndGlobalSection
	GlobalSection(ProjectConfigurationPlatforms) = postSolution
		{5E01835F-2B88-440B-9859-18BEBAA1D6E8}.Debug|Any CPU.ActiveCfg = Debug|Any CPU
		{5E01835F-2B88-440B-9859-18BEBAA1D6E8}.Debug|Any CPU.Build.0 = Debug|Any CPU
		{5E01835F-2B88-440B-9859-18BEBAA1D6E8}.Release|Any CPU.ActiveCfg = Release|Any CPU
		{5E01835F-2B88-440B-9859-18BEBAA1D6E8}.Release|Any CPU.Build.0 = Release|Any CPU
		{9E2D322E-7DA4-4BD8-8076-07930D82CB28}.Debug|Any CPU.ActiveCfg = Debug|Any CPU
		{9E2D322E-7DA4-4BD8-8076-07930D82CB28}.Debug|Any CPU.Build.0 = Debug|Any CPU
		{9E2D322E-7DA4-4BD8-8076-07930D82CB28}.Release|Any CPU.ActiveCfg = Release|Any CPU
		{9E2D322E-7DA4-4BD8-8076-07930D82CB28}.Release|Any CPU.Build.0 = Release|Any CPU
		{99D72783-1725-4393-888A-85BC6E68C501}.Debug|Any CPU.ActiveCfg = Debug|Any CPU
		{99D72783-1725-4393-888A-85BC6E68C501}.Debug|Any CPU.Build.0 = Debug|Any CPU
		{99D72783-1725-4393-888A-85BC6E68C501}.Release|Any CPU.ActiveCfg = Release|Any CPU
		{99D72783-1725-4393-888A-85BC6E68C501}.Release|Any CPU.Build.0 = Release|Any CPU
		{8B585684-98DD-4081-8D3A-520B9E314686}.Debug|Any CPU.ActiveCfg = Debug|Any CPU
		{8B585684-98DD-4081-8D3A-520B9E314686}.Debug|Any CPU.Build.0 = Debug|Any CPU
		{8B585684-98DD-4081-8D3A-520B9E314686}.Release|Any CPU.ActiveCfg = Release|Any CPU
		{8B585684-98DD-4081-8D3A-520B9E314686}.Release|Any CPU.Build.0 = Release|Any CPU
	EndGlobalSection
	GlobalSection(SolutionProperties) = preSolution
		HideSolutionNode = FALSE
	EndGlobalSection
	GlobalSection(NestedProjects) = preSolution
		{5E01835F-2B88-440B-9859-18BEBAA1D6E8} = {61803F22-6ED6-479F-8E7C-2ECF3D2643EB}
		{9E2D322E-7DA4-4BD8-8076-07930D82CB28} = {61803F22-6ED6-479F-8E7C-2ECF3D2643EB}
		{99D72783-1725-4393-888A-85BC6E68C501} = {515D46D9-D382-4342-B3FD-A67C42164ABD}
		{8B585684-98DD-4081-8D3A-520B9E314686} = {515D46D9-D382-4342-B3FD-A67C42164ABD}
	EndGlobalSection
EndGlobal
